
Microsoft Visual Studio Solution File, Format Version 12.00
# Visual Studio Version 17
VisualStudioVersion = 17.1.32210.238
MinimumVisualStudioVersion = 10.0.40219.1
Project("{FAE04EC0-301F-11D3-BF4B-00C04F79EFBC}") = "TriangleLibrary", "TriangleLibrary\TriangleLibrary.csproj", "{1965DF6F-A00D-4C1D-A228-4372DFF0996B}"
EndProject
Project("{FAE04EC0-301F-11D3-BF4B-00C04F79EFBC}") = "TriangleLibraryTests", "TriangleLibraryTests\TriangleLibraryTests.csproj", "{8FE6A562-B55A-452C-AB5A-5A4603D7E372}"
EndProject
Global
	GlobalSection(SolutionConfigurationPlatforms) = preSolution
		Debug|Any CPU = Debug|Any CPU
		Release|Any CPU = Release|Any CPU
	EndGlobalSection
	GlobalSection(ProjectConfigurationPlatforms) = postSolution
		{1965DF6F-A00D-4C1D-A228-4372DFF0996B}.Debug|Any CPU.ActiveCfg = Debug|Any CPU
		{1965DF6F-A00D-4C1D-A228-4372DFF0996B}.Debug|Any CPU.Build.0 = Debug|Any CPU
		{1965DF6F-A00D-4C1D-A228-4372DFF0996B}.Release|Any CPU.ActiveCfg = Release|Any CPU
		{1965DF6F-A00D-4C1D-A228-4372DFF0996B}.Release|Any CPU.Build.0 = Release|Any CPU
		{8FE6A562-B55A-452C-AB5A-5A4603D7E372}.Debug|Any CPU.ActiveCfg = Debug|Any CPU
		{8FE6A562-B55A-452C-AB5A-5A4603D7E372}.Debug|Any CPU.Build.0 = Debug|Any CPU
		{8FE6A562-B55A-452C-AB5A-5A4603D7E372}.Release|Any CPU.ActiveCfg = Release|Any CPU
		{8FE6A562-B55A-452C-AB5A-5A4603D7E372}.Release|Any CPU.Build.0 = Release|Any CPU
	EndGlobalSection
	GlobalSection(SolutionProperties) = preSolution
		HideSolutionNode = FALSE
	EndGlobalSection
	GlobalSection(ExtensibilityGlobals) = postSolution
		SolutionGuid = {B5DDE1A0-7968-4AD6-B7FD-2EDB9C1ADEE6}
	EndGlobalSection
EndGlobal
